
Microsoft Visual Studio Solution File, Format Version 12.00
# Visual Studio Version 17
VisualStudioVersion = 17.0.32126.317
MinimumVisualStudioVersion = 10.0.40219.1
Project("{FAE04EC0-301F-11D3-BF4B-00C04F79EFBC}") = "DataStructureDemo", "DataStructureDemo.csproj", "{0A8BF03A-6779-4B3D-9194-D0034EBEE1D4}"
EndProject
Global
	GlobalSection(SolutionConfigurationPlatforms) = preSolution
		Debug|Any CPU = Debug|Any CPU
		Release|Any CPU = Release|Any CPU
	EndGlobalSection
	GlobalSection(ProjectConfigurationPlatforms) = postSolution
		{0A8BF03A-6779-4B3D-9194-D0034EBEE1D4}.Debug|Any CPU.ActiveCfg = Debug|Any CPU
		{0A8BF03A-6779-4B3D-9194-D0034EBEE1D4}.Debug|Any CPU.Build.0 = Debug|Any CPU
		{0A8BF03A-6779-4B3D-9194-D0034EBEE1D4}.Release|Any CPU.ActiveCfg = Release|Any CPU
		{0A8BF03A-6779-4B3D-9194-D0034EBEE1D4}.Release|Any CPU.Build.0 = Release|Any CPU
	EndGlobalSection
	GlobalSection(SolutionProperties) = preSolution
		HideSolutionNode = FALSE
	EndGlobalSection
	GlobalSection(ExtensibilityGlobals) = postSolution
		SolutionGuid = {4AD6344B-C7F5-43D8-8733-C8E101E9D856}
	EndGlobalSection
EndGlobal
